PODS:
  - Alamofire (4.9.1)
  - AlamofireImage (3.6.0):
    - Alamofire (~> 4.9)
  - AlamofireObjectMapper (5.2.1):
    - Alamofire (~> 4.7)
    - ObjectMapper (~> 3.4)
  - NVActivityIndicatorView/Base (5.0.1)
  - NVActivityIndicatorView/Extended (5.0.1):
    - NVActivityIndicatorView/Base
  - ObjectMapper (3.5.3)

DEPENDENCIES:
  - Alamofire
  - AlamofireImage
  - AlamofireObjectMapper
  - NVActivityIndicatorView/Extended

SPEC REPOS:
  trunk:
    - Alamofire
    - AlamofireImage
    - AlamofireObjectMapper
    - NVActivityIndicatorView
    - ObjectMapper

SPEC CHECKSUMS:
  Alamofire: 85e8a02c69d6020a0d734f6054870d7ecb75cf18
  AlamofireImage: be9963c6582d68b39e89191f64c82a7d7bf40fdd
  AlamofireObjectMapper: 1989f690e982b71921b9253f53a4f33a9bc00d88
  NVActivityIndicatorView: 738e843cb8924e9e4fc3e559d0728031624bf860
  ObjectMapper: 97111c97e054a6ee25917662106689f0b4127b37

PODFILE CHECKSUM: 864ad112982343de8842c6fe45e232e6b8aad6eb

COCOAPODS: 1.8.4
